
Microsoft Visual Studio Solution File, Format Version 12.00
# Visual Studio 2013
VisualStudioVersion = 12.0.21005.1
MinimumVisualStudioVersion = 10.0.40219.1
Project("{8BC9CEB8-8B4A-11D0-8D11-00A0C91BC942}") = "BravoTestStep", "BravoTestStep\BravoTestStep.vcxproj", "{7C3DF039-6BA0-4ED9-A3F7-3D197D354017}"
	ProjectSection(ProjectDependencies) = postProject
		{9B55F844-CC13-4A4E-86DB-7FDA98C24D3C} = {9B55F844-CC13-4A4E-86DB-7FDA98C24D3C}
	EndProjectSection
EndProject
Project("{8BC9CEB8-8B4A-11D0-8D11-00A0C91BC942}") = "SynDutUtils", "SynDutUtils\SynDutUtils.vcxproj", "{9B55F844-CC13-4A4E-86DB-7FDA98C24D3C}"
EndProject
Project("{8BC9CEB8-8B4A-11D0-8D11-00A0C91BC942}") = "TestEngine", "TestEngine\TestEngine.vcxproj", "{E1AD8754-BE12-43CA-A0ED-BF4CD86FC914}"
	ProjectSection(ProjectDependencies) = postProject
		{7C3DF039-6BA0-4ED9-A3F7-3D197D354017} = {7C3DF039-6BA0-4ED9-A3F7-3D197D354017}
	EndProjectSection
EndProject
Project("{8BC9CEB8-8B4A-11D0-8D11-00A0C91BC942}") = "Jingan", "Jingan\Jingan.vcxproj", "{B12702AD-ABFB-343A-A199-8E24837244A3}"
	ProjectSection(ProjectDependencies) = postProject
		{E1AD8754-BE12-43CA-A0ED-BF4CD86FC914} = {E1AD8754-BE12-43CA-A0ED-BF4CD86FC914}
	EndProjectSection
EndProject
Global
	GlobalSection(SolutionConfigurationPlatforms) = preSolution
		Debug|Win32 = Debug|Win32
		Release|Win32 = Release|Win32
	EndGlobalSection
	GlobalSection(ProjectConfigurationPlatforms) = postSolution
		{7C3DF039-6BA0-4ED9-A3F7-3D197D354017}.Debug|Win32.ActiveCfg = Debug|Win32
		{7C3DF039-6BA0-4ED9-A3F7-3D197D354017}.Debug|Win32.Build.0 = Debug|Win32
		{7C3DF039-6BA0-4ED9-A3F7-3D197D354017}.Release|Win32.ActiveCfg = Release|Win32
		{7C3DF039-6BA0-4ED9-A3F7-3D197D354017}.Release|Win32.Build.0 = Release|Win32
		{9B55F844-CC13-4A4E-86DB-7FDA98C24D3C}.Debug|Win32.ActiveCfg = Debug|Win32
		{9B55F844-CC13-4A4E-86DB-7FDA98C24D3C}.Debug|Win32.Build.0 = Debug|Win32
		{9B55F844-CC13-4A4E-86DB-7FDA98C24D3C}.Release|Win32.ActiveCfg = Release|Win32
		{9B55F844-CC13-4A4E-86DB-7FDA98C24D3C}.Release|Win32.Build.0 = Release|Win32
		{E1AD8754-BE12-43CA-A0ED-BF4CD86FC914}.Debug|Win32.ActiveCfg = Debug|Win32
		{E1AD8754-BE12-43CA-A0ED-BF4CD86FC914}.Debug|Win32.Build.0 = Debug|Win32
		{E1AD8754-BE12-43CA-A0ED-BF4CD86FC914}.Release|Win32.ActiveCfg = Release|Win32
		{E1AD8754-BE12-43CA-A0ED-BF4CD86FC914}.Release|Win32.Build.0 = Release|Win32
		{B12702AD-ABFB-343A-A199-8E24837244A3}.Debug|Win32.ActiveCfg = Debug|Win32
		{B12702AD-ABFB-343A-A199-8E24837244A3}.Debug|Win32.Build.0 = Debug|Win32
		{B12702AD-ABFB-343A-A199-8E24837244A3}.Release|Win32.ActiveCfg = Release|Win32
		{B12702AD-ABFB-343A-A199-8E24837244A3}.Release|Win32.Build.0 = Release|Win32
	EndGlobalSection
	GlobalSection(SolutionProperties) = preSolution
		HideSolutionNode = FALSE
	EndGlobalSection
EndGlobal
