<?xml version="1.0" encoding="utf-8"?>
<Project ToolsVersion="4.0" xmlns="http://schemas.microsoft.com/developer/msbuild/2003">
  <ItemGroup>
    <Filter Include="Source Files">
      <UniqueIdentifier>{4FC737F1-C7A5-4376-A066-2A32D752A2FF}</UniqueIdentifier>
      <Extensions>cpp;c;cc;cxx;def;odl;idl;hpj;bat;asm;asmx</Extensions>
    </Filter>
    <Filter Include="Header Files">
      <UniqueIdentifier>{93995380-89BD-4b04-88EB-625FBE52EBFB}</UniqueIdentifier>
      <Extensions>h;hh;hpp;hxx;hm;inl;inc;xsd</Extensions>
    </Filter>
    <Filter Include="Resource Files">
      <UniqueIdentifier>{67DA6AB6-F800-4c08-8B7A-83BB121AAD01}</UniqueIdentifier>
      <Extensions>rc;ico;cur;bmp;dlg;rc2;rct;bin;rgs;gif;jpg;jpeg;jpe;resx;tiff;tif;png;wav;mfcribbon-ms</Extensions>
    </Filter>
  </ItemGroup>
  <ItemGroup>
    <Text Include="ReadMe.txt" />
  </ItemGroup>
  <ItemGroup>
    <ClInclude Include="Syn_TestStepFactory.h">
      <Filter>Header Files</Filter>
    </ClInclude>
    <ClInclude Include="Syn_TestStep.h">
      <Filter>Header Files</Filter>
    </ClInclude>
    <ClInclude Include="Syn_BravoFingerprintTest.h">
      <Filter>Header Files</Filter>
    </ClInclude>
    <ClInclude Include="Ts_BravoInitializationStep.h">
      <Filter>Header Files</Filter>
    </ClInclude>
    <ClInclude Include="Ts_BravoFinalizationStep.h">
      <Filter>Header Files</Filter>
    </ClInclude>
    <ClInclude Include="Ts_BravoCalibrate.h">
      <Filter>Header Files</Filter>
    </ClInclude>
    <ClInclude Include="Ts_BravoWaitStimulus.h">
      <Filter>Header Files</Filter>
    </ClInclude>
    <ClInclude Include="Ts_BravoProgrammingMF.h">
      <Filter>Header Files</Filter>
    </ClInclude>
    <ClInclude Include="Ts_BravoProgrammingIOTA.h">
      <Filter>Header Files</Filter>
    </ClInclude>
    <ClInclude Include="Ts_BravoAcqImgNoFinger.h">
      <Filter>Header Files</Filter>
    </ClInclude>
    <ClInclude Include="Ts_BravoAcqImgFinger.h">
      <Filter>Header Files</Filter>
    </ClInclude>
    <ClInclude Include="Ts_BravoSNRTest.h">
      <Filter>Header Files</Filter>
    </ClInclude>
    <ClInclude Include="Ts_BravoImperfections.h">
      <Filter>Header Files</Filter>
    </ClInclude>
    <ClInclude Include="Ts_BravoWOF_Baseline.h">
      <Filter>Header Files</Filter>
    </ClInclude>
    <ClInclude Include="Ts_BravoWOF_Signal.h">
      <Filter>Header Files</Filter>
    </ClInclude>
    <ClInclude Include="Ts_BravoSharpness.h">
      <Filter>Header Files</Filter>
    </ClInclude>
    <ClInclude Include="Ts_BravoDRdyTest.h">
      <Filter>Header Files</Filter>
    </ClInclude>
    <ClInclude Include="Ts_BravoCurrentTest.h">
      <Filter>Header Files</Filter>
    </ClInclude>
    <ClInclude Include="Ts_BravoSleepCurrentTest.h">
      <Filter>Header Files</Filter>
    </ClInclude>
    <ClInclude Include="Ts_BravoIOTACheck.h">
      <Filter>Header Files</Filter>
    </ClInclude>
    <ClInclude Include="Ts_BravoProgrammingIOTA_DATA.h">
      <Filter>Header Files</Filter>
    </ClInclude>
    <ClInclude Include="Ts_BravoBubbleTest.h">
      <Filter>Header Files</Filter>
    </ClInclude>
  </ItemGroup>
  <ItemGroup>
    <ClCompile Include="Syn_TestStepFactory.cpp">
      <Filter>Source Files</Filter>
    </ClCompile>
    <ClCompile Include="Syn_BravoFingerprintTest.cpp">
      <Filter>Source Files</Filter>
    </ClCompile>
    <ClCompile Include="Ts_BravoInitializationStep.cpp">
      <Filter>Source Files</Filter>
    </ClCompile>
    <ClCompile Include="Ts_BravoFinalizationStep.cpp">
      <Filter>Source Files</Filter>
    </ClCompile>
    <ClCompile Include="Ts_BravoCalibrate.cpp">
      <Filter>Source Files</Filter>
    </ClCompile>
    <ClCompile Include="Ts_BravoWaitStimulus.cpp">
      <Filter>Source Files</Filter>
    </ClCompile>
    <ClCompile Include="Ts_BravoProgrammingMF.cpp">
      <Filter>Source Files</Filter>
    </ClCompile>
    <ClCompile Include="Ts_BravoProgrammingIOTA.cpp">
      <Filter>Source Files</Filter>
    </ClCompile>
    <ClCompile Include="Ts_BravoAcqImgNoFinger.cpp">
      <Filter>Source Files</Filter>
    </ClCompile>
    <ClCompile Include="Ts_BravoAcqImgFinger.cpp">
      <Filter>Source Files</Filter>
    </ClCompile>
    <ClCompile Include="Ts_BravoSNRTest.cpp">
      <Filter>Source Files</Filter>
    </ClCompile>
    <ClCompile Include="Ts_BravoImperfections.cpp">
      <Filter>Source Files</Filter>
    </ClCompile>
    <ClCompile Include="Ts_BravoWOF_Baseline.cpp">
      <Filter>Source Files</Filter>
    </ClCompile>
    <ClCompile Include="Ts_BravoWOF_Signal.cpp">
      <Filter>Source Files</Filter>
    </ClCompile>
    <ClCompile Include="Ts_BravoSharpness.cpp">
      <Filter>Source Files</Filter>
    </ClCompile>
    <ClCompile Include="Ts_BravoDRdyTest.cpp">
      <Filter>Source Files</Filter>
    </ClCompile>
    <ClCompile Include="Ts_BravoCurrentTest.cpp">
      <Filter>Source Files</Filter>
    </ClCompile>
    <ClCompile Include="Ts_BravoSleepCurrentTest.cpp">
      <Filter>Source Files</Filter>
    </ClCompile>
    <ClCompile Include="Ts_BravoIOTACheck.cpp">
      <Filter>Source Files</Filter>
    </ClCompile>
    <ClCompile Include="Ts_BravoProgrammingIOTA_DATA.cpp">
      <Filter>Source Files</Filter>
    </ClCompile>
    <ClCompile Include="Ts_BravoBubbleTest.cpp">
      <Filter>Source Files</Filter>
    </ClCompile>
  </ItemGroup>
</Project>